// !$*UTF8*$!
{
	archiveVersion = 1;
	classes = {
	};
	objectVersion = 46;
	objects = {

/* Begin PBXBuildFile section */
		2B3E2FEB1BDB568400DF5067 /* main.m in Sources */ = {isa = PBXBuildFile; fileRef = 2B3E2FEA1BDB568400DF5067 /* main.m */; };
		2B3E2FEE1BDB568400DF5067 /* AppDelegate.m in Sources */ = {isa = PBXBuildFile; fileRef = 2B3E2FED1BDB568400DF5067 /* AppDelegate.m */; };
		2B3E2FF11BDB568400DF5067 /* ViewController.m in Sources */ = {isa = PBXBuildFile; fileRef = 2B3E2FF01BDB568400DF5067 /* ViewController.m */; };
		2B3E2FF41BDB568400DF5067 /* Main.storyboard in Resources */ = {isa = PBXBuildFile; fileRef = 2B3E2FF21BDB568400DF5067 /* Main.storyboard */; };
		2B3E2FF61BDB568400DF5067 /* Assets.xcassets in Resources */ = {isa = PBXBuildFile; fileRef = 2B3E2FF51BDB568400DF5067 /* Assets.xcassets */; };
		2B3E2FF91BDB568400DF5067 /* LaunchScreen.storyboard in Resources */ = {isa = PBXBuildFile; fileRef = 2B3E2FF71BDB568400DF5067 /* LaunchScreen.storyboard */; };
		2B3E30071BDB608700DF5067 /* MetroMarsCity.json in Resources */ = {isa = PBXBuildFile; fileRef = 2B3E30061BDB608700DF5067 /* MetroMarsCity.json */; settings = {ASSET_TAGS = (); }; };
		2B3E30D51BDCA54F00DF5067 /* MetroiPhoneOutputViewController.m in Sources */ = {isa = PBXBuildFile; fileRef = 2B3E30D41BDCA54F00DF5067 /* MetroiPhoneOutputViewController.m */; settings = {ASSET_TAGS = (); }; };
		2B98B5F91BDE452700E4C0F9 /* EasyMetroGraph.m in Sources */ = {isa = PBXBuildFile; fileRef = 2B98B5F81BDE452700E4C0F9 /* EasyMetroGraph.m */; settings = {ASSET_TAGS = (); }; };
/* End PBXBuildFile section */

/* Begin PBXFileReference section */
		2B3E2FE61BDB568400DF5067 /* Mars Metro Connect.app */ = {isa = PBXFileReference; explicitFileType = wrapper.application; includeInIndex = 0; path = "Mars Metro Connect.app"; sourceTree = BUILT_PRODUCTS_DIR; };
		2B3E2FEA1BDB568400DF5067 /* main.m */ = {isa = PBXFileReference; lastKnownFileType = sourcecode.c.objc; path = main.m; sourceTree = "<group>"; };
		2B3E2FEC1BDB568400DF5067 /* AppDelegate.h */ = {isa = PBXFileReference; lastKnownFileType = sourcecode.c.h; path = AppDelegate.h; sourceTree = "<group>"; };
		2B3E2FED1BDB568400DF5067 /* AppDelegate.m */ = {isa = PBXFileReference; lastKnownFileType = sourcecode.c.objc; path = AppDelegate.m; sourceTree = "<group>"; };
		2B3E2FEF1BDB568400DF5067 /* ViewController.h */ = {isa = PBXFileReference; lastKnownFileType = sourcecode.c.h; path = ViewController.h; sourceTree = "<group>"; };
		2B3E2FF01BDB568400DF5067 /* ViewController.m */ = {isa = PBXFileReference; lastKnownFileType = sourcecode.c.objc; path = ViewController.m; sourceTree = "<group>"; };
		2B3E2FF31BDB568400DF5067 /* Base */ = {isa = PBXFileReference; lastKnownFileType = file.storyboard; name = Base; path = Base.lproj/Main.storyboard; sourceTree = "<group>"; };
		2B3E2FF51BDB568400DF5067 /* Assets.xcassets */ = {isa = PBXFileReference; lastKnownFileType = folder.assetcatalog; path = Assets.xcassets; sourceTree = "<group>"; };
		2B3E2FF81BDB568400DF5067 /* Base */ = {isa = PBXFileReference; lastKnownFileType = file.storyboard; name = Base; path = Base.lproj/LaunchScreen.storyboard; sourceTree = "<group>"; };
		2B3E2FFA1BDB568400DF5067 /* Info.plist */ = {isa = PBXFileReference; lastKnownFileType = text.plist.xml; path = Info.plist; sourceTree = "<group>"; };
		2B3E30061BDB608700DF5067 /* MetroMarsCity.json */ = {isa = PBXFileReference; fileEncoding = 4; lastKnownFileType = text.json; path = MetroMarsCity.json; sourceTree = "<group>"; };
		2B3E30D31BDCA54F00DF5067 /* MetroiPhoneOutputViewController.h */ = {isa = PBXFileReference; fileEncoding = 4; lastKnownFileType = sourcecode.c.h; path = MetroiPhoneOutputViewController.h; sourceTree = "<group>"; };
		2B3E30D41BDCA54F00DF5067 /* MetroiPhoneOutputViewController.m */ = {isa = PBXFileReference; fileEncoding = 4; lastKnownFileType = sourcecode.c.objc; path = MetroiPhoneOutputViewController.m; sourceTree = "<group>"; };
		2B98B5F71BDE452700E4C0F9 /* EasyMetroGraph.h */ = {isa = PBXFileReference; fileEncoding = 4; lastKnownFileType = sourcecode.c.h; path = EasyMetroGraph.h; sourceTree = "<group>"; };
		2B98B5F81BDE452700E4C0F9 /* EasyMetroGraph.m */ = {isa = PBXFileReference; fileEncoding = 4; lastKnownFileType = sourcecode.c.objc; path = EasyMetroGraph.m; sourceTree = "<group>"; };
/* End PBXFileReference section */

/* Begin PBXFrameworksBuildPhase section */
		2B3E2FE31BDB568400DF5067 /* Frameworks */ = {
			isa = PBXFrameworksBuildPhase;
			buildActionMask = 2147483647;
			files = (
			);
			runOnlyForDeploymentPostprocessing = 0;
		};
/* End PBXFrameworksBuildPhase section */

/* Begin PBXGroup section */
		2B3E2FDD1BDB568400DF5067 = {
			isa = PBXGroup;
			children = (
				2B3E2FE81BDB568400DF5067 /* Mars Metro Connect */,
				2B3E2FE71BDB568400DF5067 /* Products */,
			);
			sourceTree = "<group>";
		};
		2B3E2FE71BDB568400DF5067 /* Products */ = {
			isa = PBXGroup;
			children = (
				2B3E2FE61BDB568400DF5067 /* Mars Metro Connect.app */,
			);
			name = Products;
			sourceTree = "<group>";
		};
		2B3E2FE81BDB568400DF5067 /* Mars Metro Connect */ = {
			isa = PBXGroup;
			children = (
				2B3E2FEC1BDB568400DF5067 /* AppDelegate.h */,
				2B3E2FED1BDB568400DF5067 /* AppDelegate.m */,
				2B3E2FEF1BDB568400DF5067 /* ViewController.h */,
				2B3E2FF01BDB568400DF5067 /* ViewController.m */,
				2B3E2FF21BDB568400DF5067 /* Main.storyboard */,
				2B3E2FF51BDB568400DF5067 /* Assets.xcassets */,
				2B3E2FF71BDB568400DF5067 /* LaunchScreen.storyboard */,
				2B3E2FFA1BDB568400DF5067 /* Info.plist */,
				2B3E2FE91BDB568400DF5067 /* Supporting Files */,
				2B3E30D31BDCA54F00DF5067 /* MetroiPhoneOutputViewController.h */,
				2B3E30D41BDCA54F00DF5067 /* MetroiPhoneOutputViewController.m */,
				2B98B5F71BDE452700E4C0F9 /* EasyMetroGraph.h */,
				2B98B5F81BDE452700E4C0F9 /* EasyMetroGraph.m */,
			);
			path = "Mars Metro Connect";
			sourceTree = "<group>";
		};
		2B3E2FE91BDB568400DF5067 /* Supporting Files */ = {
			isa = PBXGroup;
			children = (
				2B3E30061BDB608700DF5067 /* MetroMarsCity.json */,
				2B3E2FEA1BDB568400DF5067 /* main.m */,
			);
			name = "Supporting Files";
			sourceTree = "<group>";
		};
/* End PBXGroup section */

/* Begin PBXNativeTarget section */
		2B3E2FE51BDB568400DF5067 /* Mars Metro Connect */ = {
			isa = PBXNativeTarget;
			buildConfigurationList = 2B3E2FFD1BDB568400DF5067 /* Build configuration list for PBXNativeTarget "Mars Metro Connect" */;
			buildPhases = (
				2B3E2FE21BDB568400DF5067 /* Sources */,
				2B3E2FE31BDB568400DF5067 /* Frameworks */,
				2B3E2FE41BDB568400DF5067 /* Resources */,
			);
			buildRules = (
			);
			dependencies = (
			);
			name = "Mars Metro Connect";
			productName = "Mars Metro Connect";
			productReference = 2B3E2FE61BDB568400DF5067 /* Mars Metro Connect.app */;
			productType = "com.apple.product-type.application";
		};
/* End PBXNativeTarget section */

/* Begin PBXProject section */
		2B3E2FDE1BDB568400DF5067 /* Project object */ = {
			isa = PBXProject;
			attributes = {
				LastUpgradeCheck = 0700;
				ORGANIZATIONNAME = EasyMetro;
				TargetAttributes = {
					2B3E2FE51BDB568400DF5067 = {
						CreatedOnToolsVersion = 7.0;
					};
				};
			};
			buildConfigurationList = 2B3E2FE11BDB568400DF5067 /* Build configuration list for PBXProject "Mars Metro Connect" */;
			compatibilityVersion = "Xcode 3.2";
			developmentRegion = English;
			hasScannedForEncodings = 0;
			knownRegions = (
				en,
				Base,
			);
			mainGroup = 2B3E2FDD1BDB568400DF5067;
			productRefGroup = 2B3E2FE71BDB568400DF5067 /* Products */;
			projectDirPath = "";
			projectRoot = "";
			targets = (
				2B3E2FE51BDB568400DF5067 /* Mars Metro Connect */,
			);
		};
/* End PBXProject section */

/* Begin PBXResourcesBuildPhase section */
		2B3E2FE41BDB568400DF5067 /* Resources */ = {
			isa = PBXResourcesBuildPhase;
			buildActionMask = 2147483647;
			files = (
				2B3E2FF91BDB568400DF5067 /* LaunchScreen.storyboard in Resources */,
				2B3E30071BDB608700DF5067 /* MetroMarsCity.json in Resources */,
				2B3E2FF61BDB568400DF5067 /* Assets.xcassets in Resources */,
				2B3E2FF41BDB568400DF5067 /* Main.storyboard in Resources */,
			);
			runOnlyForDeploymentPostprocessing = 0;
		};
/* End PBXResourcesBuildPhase section */

/* Begin PBXSourcesBuildPhase section */
		2B3E2FE21BDB568400DF5067 /* Sources */ = {
			isa = PBXSourcesBuildPhase;
			buildActionMask = 2147483647;
			files = (
				2B3E2FF11BDB568400DF5067 /* ViewController.m in Sources */,
				2B3E2FEE1BDB568400DF5067 /* AppDelegate.m in Sources */,
				2B3E30D51BDCA54F00DF5067 /* MetroiPhoneOutputViewController.m in Sources */,
				2B3E2FEB1BDB568400DF5067 /* main.m in Sources */,
				2B98B5F91BDE452700E4C0F9 /* EasyMetroGraph.m in Sources */,
			);
			runOnlyForDeploymentPostprocessing = 0;
		};
/* End PBXSourcesBuildPhase section */

/* Begin PBXVariantGroup section */
		2B3E2FF21BDB568400DF5067 /* Main.storyboard */ = {
			isa = PBXVariantGroup;
			children = (
				2B3E2FF31BDB568400DF5067 /* Base */,
			);
			name = Main.storyboard;
			sourceTree = "<group>";
		};
		2B3E2FF71BDB568400DF5067 /* LaunchScreen.storyboard */ = {
			isa = PBXVariantGroup;
			children = (
				2B3E2FF81BDB568400DF5067 /* Base */,
			);
			name = LaunchScreen.storyboard;
			sourceTree = "<group>";
		};
/* End PBXVariantGroup section */

/* Begin XCBuildConfiguration section */
		2B3E2FFB1BDB568400DF5067 /* Debug */ = {
			isa = XCBuildConfiguration;
			buildSettings = {
				ALWAYS_SEARCH_USER_PATHS = NO;
				CLANG_CXX_LANGUAGE_STANDARD = "gnu++0x";
				CLANG_CXX_LIBRARY = "libc++";
				CLANG_ENABLE_MODULES = YES;
				CLANG_ENABLE_OBJC_ARC = YES;
				CLANG_WARN_BOOL_CONVERSION = YES;
				CLANG_WARN_CONSTANT_CONVERSION = YES;
				CLANG_WARN_DIRECT_OBJC_ISA_USAGE = YES_ERROR;
				CLANG_WARN_EMPTY_BODY = YES;
				CLANG_WARN_ENUM_CONVERSION = YES;
				CLANG_WARN_INT_CONVERSION = YES;
				CLANG_WARN_OBJC_ROOT_CLASS = YES_ERROR;
				CLANG_WARN_UNREACHABLE_CODE = YES;
				CLANG_WARN__DUPLICATE_METHOD_MATCH = YES;
				"CODE_SIGN_IDENTITY[sdk=iphoneos*]" = "iPhone Developer";
				COPY_PHASE_STRIP = NO;
				DEBUG_INFORMATION_FORMAT = dwarf;
				ENABLE_STRICT_OBJC_MSGSEND = YES;
				ENABLE_TESTABILITY = YES;
				GCC_C_LANGUAGE_STANDARD = gnu99;
				GCC_DYNAMIC_NO_PIC = NO;
				GCC_NO_COMMON_BLOCKS = YES;
				GCC_OPTIMIZATION_LEVEL = 0;
				GCC_PREPROCESSOR_DEFINITIONS = (
					"DEBUG=1",
					"$(inherited)",
				);
				GCC_WARN_64_TO_32_BIT_CONVERSION = YES;
				GCC_WARN_ABOUT_RETURN_TYPE = YES_ERROR;
				GCC_WARN_UNDECLARED_SELECTOR = YES;
				GCC_WARN_UNINITIALIZED_AUTOS = YES_AGGRESSIVE;
				GCC_WARN_UNUSED_FUNCTION = YES;
				GCC_WARN_UNUSED_VARIABLE = YES;
				IPHONEOS_DEPLOYMENT_TARGET = 9.0;
				MTL_ENABLE_DEBUG_INFO = YES;
				ONLY_ACTIVE_ARCH = YES;
				SDKROOT = iphoneos;
				TARGETED_DEVICE_FAMILY = "1,2";
			};
			name = Debug;
		};
		2B3E2FFC1BDB568400DF5067 /* Release */ = {
			isa = XCBuildConfiguration;
			buildSettings = {
				ALWAYS_SEARCH_USER_PATHS = NO;
				CLANG_CXX_LANGUAGE_STANDARD = "gnu++0x";
				CLANG_CXX_LIBRARY = "libc++";
				CLANG_ENABLE_MODULES = YES;
				CLANG_ENABLE_OBJC_ARC = YES;
				CLANG_WARN_BOOL_CONVERSION = YES;
				CLANG_WARN_CONSTANT_CONVERSION = YES;
				CLANG_WARN_DIRECT_OBJC_ISA_USAGE = YES_ERROR;
				CLANG_WARN_EMPTY_BODY = YES;
				CLANG_WARN_ENUM_CONVERSION = YES;
				CLANG_WARN_INT_CONVERSION = YES;
				CLANG_WARN_OBJC_ROOT_CLASS = YES_ERROR;
				CLANG_WARN_UNREACHABLE_CODE = YES;
				CLANG_WARN__DUPLICATE_METHOD_MATCH = YES;
				"CODE_SIGN_IDENTITY[sdk=iphoneos*]" = "iPhone Developer";
				COPY_PHASE_STRIP = NO;
				DEBUG_INFORMATION_FORMAT = "dwarf-with-dsym";
				ENABLE_NS_ASSERTIONS = NO;
				ENABLE_STRICT_OBJC_MSGSEND = YES;
				GCC_C_LANGUAGE_STANDARD = gnu99;
				GCC_NO_COMMON_BLOCKS = YES;
				GCC_WARN_64_TO_32_BIT_CONVERSION = YES;
				GCC_WARN_ABOUT_RETURN_TYPE = YES_ERROR;
				GCC_WARN_UNDECLARED_SELECTOR = YES;
				GCC_WARN_UNINITIALIZED_AUTOS = YES_AGGRESSIVE;
				GCC_WARN_UNUSED_FUNCTION = YES;
				GCC_WARN_UNUSED_VARIABLE = YES;
				IPHONEOS_DEPLOYMENT_TARGET = 9.0;
				MTL_ENABLE_DEBUG_INFO = NO;
				SDKROOT = iphoneos;
				TARGETED_DEVICE_FAMILY = "1,2";
				VALIDATE_PRODUCT = YES;
			};
			name = Release;
		};
		2B3E2FFE1BDB568400DF5067 /* Debug */ = {
			isa = XCBuildConfiguration;
			buildSettings = {
				ASSETCATALOG_COMPILER_APPICON_NAME = AppIcon;
				INFOPLIST_FILE = "Mars Metro Connect/Info.plist";
				LD_RUNPATH_SEARCH_PATHS = "$(inherited) @executable_path/Frameworks";
				PRODUCT_BUNDLE_IDENTIFIER = "com.easyMetro.Mars-Metro-Connect";
				PRODUCT_NAME = "$(TARGET_NAME)";
			};
			name = Debug;
		};
		2B3E2FFF1BDB568400DF5067 /* Release */ = {
			isa = XCBuildConfiguration;
			buildSettings = {
				ASSETCATALOG_COMPILER_APPICON_NAME = AppIcon;
				INFOPLIST_FILE = "Mars Metro Connect/Info.plist";
				LD_RUNPATH_SEARCH_PATHS = "$(inherited) @executable_path/Frameworks";
				PRODUCT_BUNDLE_IDENTIFIER = "com.easyMetro.Mars-Metro-Connect";
				PRODUCT_NAME = "$(TARGET_NAME)";
			};
			name = Release;
		};
/* End XCBuildConfiguration section */

/* Begin XCConfigurationList section */
		2B3E2FE11BDB568400DF5067 /* Build configuration list for PBXProject "Mars Metro Connect" */ = {
			isa = XCConfigurationList;
			buildConfigurations = (
				2B3E2FFB1BDB568400DF5067 /* Debug */,
				2B3E2FFC1BDB568400DF5067 /* Release */,
			);
			defaultConfigurationIsVisible = 0;
			defaultConfigurationName = Release;
		};
		2B3E2FFD1BDB568400DF5067 /* Build configuration list for PBXNativeTarget "Mars Metro Connect" */ = {
			isa = XCConfigurationList;
			buildConfigurations = (
				2B3E2FFE1BDB568400DF5067 /* Debug */,
				2B3E2FFF1BDB568400DF5067 /* Release */,
			);
			defaultConfigurationIsVisible = 0;
			defaultConfigurationName = Release;
		};
/* End XCConfigurationList section */
	};
	rootObject = 2B3E2FDE1BDB568400DF5067 /* Project object */;
}
